
Microsoft Visual Studio Solution File, Format Version 12.00
# Visual Studio Version 17
VisualStudioVersion = 17.11.35222.181
MinimumVisualStudioVersion = 10.0.40219.1
Project("{FAE04EC0-301F-11D3-BF4B-00C04F79EFBC}") = "TI_LAB_3", "TI_LAB_3\TI_LAB_3.csproj", "{FB5F46CB-96B2-46FD-AD87-CC231DF35D2B}"
EndProject
Global
	GlobalSection(SolutionConfigurationPlatforms) = preSolution
		Debug|Any CPU = Debug|Any CPU
		Release|Any CPU = Release|Any CPU
	EndGlobalSection
	GlobalSection(ProjectConfigurationPlatforms) = postSolution
		{FB5F46CB-96B2-46FD-AD87-CC231DF35D2B}.Debug|Any CPU.ActiveCfg = Debug|Any CPU
		{FB5F46CB-96B2-46FD-AD87-CC231DF35D2B}.Debug|Any CPU.Build.0 = Debug|Any CPU
		{FB5F46CB-96B2-46FD-AD87-CC231DF35D2B}.Release|Any CPU.ActiveCfg = Release|Any CPU
		{FB5F46CB-96B2-46FD-AD87-CC231DF35D2B}.Release|Any CPU.Build.0 = Release|Any CPU
	EndGlobalSection
	GlobalSection(SolutionProperties) = preSolution
		HideSolutionNode = FALSE
	EndGlobalSection
	GlobalSection(ExtensibilityGlobals) = postSolution
		SolutionGuid = {00972083-E69B-4379-AF20-62BC726322EF}
	EndGlobalSection
EndGlobal
