
Microsoft Visual Studio Solution File, Format Version 12.00
# Visual Studio Version 17
VisualStudioVersion = 17.11.35222.181
MinimumVisualStudioVersion = 10.0.40219.1
Project("{FAE04EC0-301F-11D3-BF4B-00C04F79EFBC}") = "TI_LAB_2", "TI_LAB_2\TI_LAB_2.csproj", "{7631C3AE-81DA-4A38-B57A-ED45FBFA591D}"
EndProject
Global
	GlobalSection(SolutionConfigurationPlatforms) = preSolution
		Debug|Any CPU = Debug|Any CPU
		Release|Any CPU = Release|Any CPU
	EndGlobalSection
	GlobalSection(ProjectConfigurationPlatforms) = postSolution
		{7631C3AE-81DA-4A38-B57A-ED45FBFA591D}.Debug|Any CPU.ActiveCfg = Debug|Any CPU
		{7631C3AE-81DA-4A38-B57A-ED45FBFA591D}.Debug|Any CPU.Build.0 = Debug|Any CPU
		{7631C3AE-81DA-4A38-B57A-ED45FBFA591D}.Release|Any CPU.ActiveCfg = Release|Any CPU
		{7631C3AE-81DA-4A38-B57A-ED45FBFA591D}.Release|Any CPU.Build.0 = Release|Any CPU
	EndGlobalSection
	GlobalSection(SolutionProperties) = preSolution
		HideSolutionNode = FALSE
	EndGlobalSection
	GlobalSection(ExtensibilityGlobals) = postSolution
		SolutionGuid = {44E4409E-9A28-44DC-BA73-F62AA5205E76}
	EndGlobalSection
EndGlobal
